
Microsoft Visual Studio Solution File, Format Version 12.00
# Visual Studio Version 16
VisualStudioVersion = 16.0.29209.62
MinimumVisualStudioVersion = 10.0.40219.1
Project("{FAE04EC0-301F-11D3-BF4B-00C04F79EFBC}") = "WebAppCRUD", "WebAppCRUD\WebAppCRUD.csproj", "{28944633-6556-48FD-86DA-106E224A6E69}"
EndProject
Project("{FAE04EC0-301F-11D3-BF4B-00C04F79EFBC}") = "WestWindSystem", "WestWindSystem\WestWindSystem.csproj", "{4851405A-7F70-4195-B796-4CEE71678707}"
EndProject
Global
	GlobalSection(SolutionConfigurationPlatforms) = preSolution
		Debug|Any CPU = Debug|Any CPU
		Release|Any CPU = Release|Any CPU
	EndGlobalSection
	GlobalSection(ProjectConfigurationPlatforms) = postSolution
		{4851405A-7F70-4195-B796-4CEE71678707}.Debug|Any CPU.ActiveCfg = Debug|Any CPU
		{4851405A-7F70-4195-B796-4CEE71678707}.Debug|Any CPU.Build.0 = Debug|Any CPU
		{4851405A-7F70-4195-B796-4CEE71678707}.Release|Any CPU.ActiveCfg = Release|Any CPU
		{4851405A-7F70-4195-B796-4CEE71678707}.Release|Any CPU.Build.0 = Release|Any CPU
		{28944633-6556-48FD-86DA-106E224A6E69}.Debug|Any CPU.ActiveCfg = Debug|Any CPU
		{28944633-6556-48FD-86DA-106E224A6E69}.Debug|Any CPU.Build.0 = Debug|Any CPU
		{28944633-6556-48FD-86DA-106E224A6E69}.Release|Any CPU.ActiveCfg = Release|Any CPU
		{28944633-6556-48FD-86DA-106E224A6E69}.Release|Any CPU.Build.0 = Release|Any CPU
	EndGlobalSection
	GlobalSection(SolutionProperties) = preSolution
		HideSolutionNode = FALSE
	EndGlobalSection
	GlobalSection(ExtensibilityGlobals) = postSolution
		SolutionGuid = {8E0F65FC-A99B-4883-A2C8-429ABD8F4261}
	EndGlobalSection
EndGlobal
